
Microsoft Visual Studio Solution File, Format Version 12.00
Project("{FAE04EC0-301F-11D3-BF4B-00C04F79EFBC}") = "CQB-Core", "CQB-Core\CQB-Core.csproj", "{780DF1D8-D474-489B-9AAA-BD1AD81D91EE}"
EndProject
Project("{FAE04EC0-301F-11D3-BF4B-00C04F79EFBC}") = "CQB-FikaModule", "CQB-FikaModule\CQB-FikaModule.csproj", "{780DF1D8-D474-489B-9AAA-BD1AD81D91EE}"
	ProjectSection(ProjectDependencies) = postProject
		{780DF1D8-D474-489B-9AAA-BD1AD81D91EE} = {780DF1D8-D474-489B-9AAA-BD1AD81D91EE}
	EndProjectSection
EndProject
Global
	GlobalSection(SolutionConfigurationPlatforms) = preSolution
		Debug|Any CPU = Debug|Any CPU
		Release|Any CPU = Release|Any CPU
	EndGlobalSection
	GlobalSection(ProjectConfigurationPlatforms) = postSolution
		{780DF1D8-D474-489B-9AAA-BD1AD81D91EE}.Debug|Any CPU.ActiveCfg = Debug|Any CPU
		{780DF1D8-D474-489B-9AAA-BD1AD81D91EE}.Debug|Any CPU.Build.0 = Debug|Any CPU
		{780DF1D8-D474-489B-9AAA-BD1AD81D91EE}.Release|Any CPU.ActiveCfg = Release|Any CPU
		{780DF1D8-D474-489B-9AAA-BD1AD81D91EE}.Release|Any CPU.Build.0 = Release|Any CPU
	EndGlobalSection
EndGlobal
